// !$*UTF8*$!
{
	archiveVersion = 1;
	classes = {
	};
	objectVersion = 46;
	objects = {

/* Begin PBXBuildFile section */
		16D15A621D6B59DC009EE5BE /* AppDelegate.swift in Sources */ = {isa = PBXBuildFile; fileRef = 16D15A611D6B59DC009EE5BE /* AppDelegate.swift */; };
		16D15A641D6B59DC009EE5BE /* ViewController.swift in Sources */ = {isa = PBXBuildFile; fileRef = 16D15A631D6B59DC009EE5BE /* ViewController.swift */; };
		16D15A671D6B59DC009EE5BE /* Main.storyboard in Resources */ = {isa = PBXBuildFile; fileRef = 16D15A651D6B59DC009EE5BE /* Main.storyboard */; };
		16D15A691D6B59DC009EE5BE /* Assets.xcassets in Resources */ = {isa = PBXBuildFile; fileRef = 16D15A681D6B59DC009EE5BE /* Assets.xcassets */; };
		16D15A6C1D6B59DC009EE5BE /* LaunchScreen.storyboard in Resources */ = {isa = PBXBuildFile; fileRef = 16D15A6A1D6B59DC009EE5BE /* LaunchScreen.storyboard */; };
		16D15A771D6B59DC009EE5BE /* KVOIsFriendWithHelperTests.swift in Sources */ = {isa = PBXBuildFile; fileRef = 16D15A761D6B59DC009EE5BE /* KVOIsFriendWithHelperTests.swift */; };
		16D15A821D6B59DC009EE5BE /* KVOIsFriendWithHelperUITests.swift in Sources */ = {isa = PBXBuildFile; fileRef = 16D15A811D6B59DC009EE5BE /* KVOIsFriendWithHelperUITests.swift */; };
		16D15A901D6B5A2E009EE5BE /* KVOCenter.swift in Sources */ = {isa = PBXBuildFile; fileRef = 16D15A8F1D6B5A2E009EE5BE /* KVOCenter.swift */; };
		16D15A921D6B5A70009EE5BE /* MyModel.swift in Sources */ = {isa = PBXBuildFile; fileRef = 16D15A911D6B5A70009EE5BE /* MyModel.swift */; };
		16D15A941D6B5C53009EE5BE /* App.swift in Sources */ = {isa = PBXBuildFile; fileRef = 16D15A931D6B5C53009EE5BE /* App.swift */; };
		16D15A961D6B5F7E009EE5BE /* MyViewController.swift in Sources */ = {isa = PBXBuildFile; fileRef = 16D15A951D6B5F7E009EE5BE /* MyViewController.swift */; };
/* End PBXBuildFile section */

/* Begin PBXContainerItemProxy section */
		16D15A731D6B59DC009EE5BE /* PBXContainerItemProxy */ = {
			isa = PBXContainerItemProxy;
			containerPortal = 16D15A561D6B59DC009EE5BE /* Project object */;
			proxyType = 1;
			remoteGlobalIDString = 16D15A5D1D6B59DC009EE5BE;
			remoteInfo = KVOIsFriendWithHelper;
		};
		16D15A7E1D6B59DC009EE5BE /* PBXContainerItemProxy */ = {
			isa = PBXContainerItemProxy;
			containerPortal = 16D15A561D6B59DC009EE5BE /* Project object */;
			proxyType = 1;
			remoteGlobalIDString = 16D15A5D1D6B59DC009EE5BE;
			remoteInfo = KVOIsFriendWithHelper;
		};
/* End PBXContainerItemProxy section */

/* Begin PBXFileReference section */
		16D15A5E1D6B59DC009EE5BE /* KVOIsFriendWithHelper.app */ = {isa = PBXFileReference; explicitFileType = wrapper.application; includeInIndex = 0; path = KVOIsFriendWithHelper.app; sourceTree = BUILT_PRODUCTS_DIR; };
		16D15A611D6B59DC009EE5BE /* AppDelegate.swift */ = {isa = PBXFileReference; lastKnownFileType = sourcecode.swift; path = AppDelegate.swift; sourceTree = "<group>"; };
		16D15A631D6B59DC009EE5BE /* ViewController.swift */ = {isa = PBXFileReference; lastKnownFileType = sourcecode.swift; path = ViewController.swift; sourceTree = "<group>"; };
		16D15A661D6B59DC009EE5BE /* Base */ = {isa = PBXFileReference; lastKnownFileType = file.storyboard; name = Base; path = Base.lproj/Main.storyboard; sourceTree = "<group>"; };
		16D15A681D6B59DC009EE5BE /* Assets.xcassets */ = {isa = PBXFileReference; lastKnownFileType = folder.assetcatalog; path = Assets.xcassets; sourceTree = "<group>"; };
		16D15A6B1D6B59DC009EE5BE /* Base */ = {isa = PBXFileReference; lastKnownFileType = file.storyboard; name = Base; path = Base.lproj/LaunchScreen.storyboard; sourceTree = "<group>"; };
		16D15A6D1D6B59DC009EE5BE /* Info.plist */ = {isa = PBXFileReference; lastKnownFileType = text.plist.xml; path = Info.plist; sourceTree = "<group>"; };
		16D15A721D6B59DC009EE5BE /* KVOIsFriendWithHelperTests.xctest */ = {isa = PBXFileReference; explicitFileType = wrapper.cfbundle; includeInIndex = 0; path = KVOIsFriendWithHelperTests.xctest; sourceTree = BUILT_PRODUCTS_DIR; };
		16D15A761D6B59DC009EE5BE /* KVOIsFriendWithHelperTests.swift */ = {isa = PBXFileReference; lastKnownFileType = sourcecode.swift; path = KVOIsFriendWithHelperTests.swift; sourceTree = "<group>"; };
		16D15A781D6B59DC009EE5BE /* Info.plist */ = {isa = PBXFileReference; lastKnownFileType = text.plist.xml; path = Info.plist; sourceTree = "<group>"; };
		16D15A7D1D6B59DC009EE5BE /* KVOIsFriendWithHelperUITests.xctest */ = {isa = PBXFileReference; explicitFileType = wrapper.cfbundle; includeInIndex = 0; path = KVOIsFriendWithHelperUITests.xctest; sourceTree = BUILT_PRODUCTS_DIR; };
		16D15A811D6B59DC009EE5BE /* KVOIsFriendWithHelperUITests.swift */ = {isa = PBXFileReference; lastKnownFileType = sourcecode.swift; path = KVOIsFriendWithHelperUITests.swift; sourceTree = "<group>"; };
		16D15A831D6B59DC009EE5BE /* Info.plist */ = {isa = PBXFileReference; lastKnownFileType = text.plist.xml; path = Info.plist; sourceTree = "<group>"; };
		16D15A8F1D6B5A2E009EE5BE /* KVOCenter.swift */ = {isa = PBXFileReference; fileEncoding = 4; lastKnownFileType = sourcecode.swift; path = KVOCenter.swift; sourceTree = SOURCE_ROOT; };
		16D15A911D6B5A70009EE5BE /* MyModel.swift */ = {isa = PBXFileReference; fileEncoding = 4; lastKnownFileType = sourcecode.swift; path = MyModel.swift; sourceTree = SOURCE_ROOT; };
		16D15A931D6B5C53009EE5BE /* App.swift */ = {isa = PBXFileReference; fileEncoding = 4; lastKnownFileType = sourcecode.swift; path = App.swift; sourceTree = "<group>"; };
		16D15A951D6B5F7E009EE5BE /* MyViewController.swift */ = {isa = PBXFileReference; fileEncoding = 4; lastKnownFileType = sourcecode.swift; path = MyViewController.swift; sourceTree = "<group>"; };
/* End PBXFileReference section */

/* Begin PBXFrameworksBuildPhase section */
		16D15A5B1D6B59DC009EE5BE /* Frameworks */ = {
			isa = PBXFrameworksBuildPhase;
			buildActionMask = 2147483647;
			files = (
			);
			runOnlyForDeploymentPostprocessing = 0;
		};
		16D15A6F1D6B59DC009EE5BE /* Frameworks */ = {
			isa = PBXFrameworksBuildPhase;
			buildActionMask = 2147483647;
			files = (
			);
			runOnlyForDeploymentPostprocessing = 0;
		};
		16D15A7A1D6B59DC009EE5BE /* Frameworks */ = {
			isa = PBXFrameworksBuildPhase;
			buildActionMask = 2147483647;
			files = (
			);
			runOnlyForDeploymentPostprocessing = 0;
		};
/* End PBXFrameworksBuildPhase section */

/* Begin PBXGroup section */
		16D15A551D6B59DC009EE5BE = {
			isa = PBXGroup;
			children = (
				16D15A8F1D6B5A2E009EE5BE /* KVOCenter.swift */,
				16D15A931D6B5C53009EE5BE /* App.swift */,
				16D15A911D6B5A70009EE5BE /* MyModel.swift */,
				16D15A951D6B5F7E009EE5BE /* MyViewController.swift */,
				16D15A601D6B59DC009EE5BE /* KVOIsFriendWithHelper */,
				16D15A751D6B59DC009EE5BE /* KVOIsFriendWithHelperTests */,
				16D15A801D6B59DC009EE5BE /* KVOIsFriendWithHelperUITests */,
				16D15A5F1D6B59DC009EE5BE /* Products */,
			);
			sourceTree = "<group>";
		};
		16D15A5F1D6B59DC009EE5BE /* Products */ = {
			isa = PBXGroup;
			children = (
				16D15A5E1D6B59DC009EE5BE /* KVOIsFriendWithHelper.app */,
				16D15A721D6B59DC009EE5BE /* KVOIsFriendWithHelperTests.xctest */,
				16D15A7D1D6B59DC009EE5BE /* KVOIsFriendWithHelperUITests.xctest */,
			);
			name = Products;
			sourceTree = "<group>";
		};
		16D15A601D6B59DC009EE5BE /* KVOIsFriendWithHelper */ = {
			isa = PBXGroup;
			children = (
				16D15A611D6B59DC009EE5BE /* AppDelegate.swift */,
				16D15A631D6B59DC009EE5BE /* ViewController.swift */,
				16D15A651D6B59DC009EE5BE /* Main.storyboard */,
				16D15A681D6B59DC009EE5BE /* Assets.xcassets */,
				16D15A6A1D6B59DC009EE5BE /* LaunchScreen.storyboard */,
				16D15A6D1D6B59DC009EE5BE /* Info.plist */,
			);
			path = KVOIsFriendWithHelper;
			sourceTree = "<group>";
		};
		16D15A751D6B59DC009EE5BE /* KVOIsFriendWithHelperTests */ = {
			isa = PBXGroup;
			children = (
				16D15A761D6B59DC009EE5BE /* KVOIsFriendWithHelperTests.swift */,
				16D15A781D6B59DC009EE5BE /* Info.plist */,
			);
			path = KVOIsFriendWithHelperTests;
			sourceTree = "<group>";
		};
		16D15A801D6B59DC009EE5BE /* KVOIsFriendWithHelperUITests */ = {
			isa = PBXGroup;
			children = (
				16D15A811D6B59DC009EE5BE /* KVOIsFriendWithHelperUITests.swift */,
				16D15A831D6B59DC009EE5BE /* Info.plist */,
			);
			path = KVOIsFriendWithHelperUITests;
			sourceTree = "<group>";
		};
/* End PBXGroup section */

/* Begin PBXNativeTarget section */
		16D15A5D1D6B59DC009EE5BE /* KVOIsFriendWithHelper */ = {
			isa = PBXNativeTarget;
			buildConfigurationList = 16D15A861D6B59DC009EE5BE /* Build configuration list for PBXNativeTarget "KVOIsFriendWithHelper" */;
			buildPhases = (
				16D15A5A1D6B59DC009EE5BE /* Sources */,
				16D15A5B1D6B59DC009EE5BE /* Frameworks */,
				16D15A5C1D6B59DC009EE5BE /* Resources */,
			);
			buildRules = (
			);
			dependencies = (
			);
			name = KVOIsFriendWithHelper;
			productName = KVOIsFriendWithHelper;
			productReference = 16D15A5E1D6B59DC009EE5BE /* KVOIsFriendWithHelper.app */;
			productType = "com.apple.product-type.application";
		};
		16D15A711D6B59DC009EE5BE /* KVOIsFriendWithHelperTests */ = {
			isa = PBXNativeTarget;
			buildConfigurationList = 16D15A891D6B59DC009EE5BE /* Build configuration list for PBXNativeTarget "KVOIsFriendWithHelperTests" */;
			buildPhases = (
				16D15A6E1D6B59DC009EE5BE /* Sources */,
				16D15A6F1D6B59DC009EE5BE /* Frameworks */,
				16D15A701D6B59DC009EE5BE /* Resources */,
			);
			buildRules = (
			);
			dependencies = (
				16D15A741D6B59DC009EE5BE /* PBXTargetDependency */,
			);
			name = KVOIsFriendWithHelperTests;
			productName = KVOIsFriendWithHelperTests;
			productReference = 16D15A721D6B59DC009EE5BE /* KVOIsFriendWithHelperTests.xctest */;
			productType = "com.apple.product-type.bundle.unit-test";
		};
		16D15A7C1D6B59DC009EE5BE /* KVOIsFriendWithHelperUITests */ = {
			isa = PBXNativeTarget;
			buildConfigurationList = 16D15A8C1D6B59DC009EE5BE /* Build configuration list for PBXNativeTarget "KVOIsFriendWithHelperUITests" */;
			buildPhases = (
				16D15A791D6B59DC009EE5BE /* Sources */,
				16D15A7A1D6B59DC009EE5BE /* Frameworks */,
				16D15A7B1D6B59DC009EE5BE /* Resources */,
			);
			buildRules = (
			);
			dependencies = (
				16D15A7F1D6B59DC009EE5BE /* PBXTargetDependency */,
			);
			name = KVOIsFriendWithHelperUITests;
			productName = KVOIsFriendWithHelperUITests;
			productReference = 16D15A7D1D6B59DC009EE5BE /* KVOIsFriendWithHelperUITests.xctest */;
			productType = "com.apple.product-type.bundle.ui-testing";
		};
/* End PBXNativeTarget section */

/* Begin PBXProject section */
		16D15A561D6B59DC009EE5BE /* Project object */ = {
			isa = PBXProject;
			attributes = {
				LastSwiftUpdateCheck = 0730;
				LastUpgradeCheck = 0730;
				ORGANIZATIONNAME = "Weipin Xia";
				TargetAttributes = {
					16D15A5D1D6B59DC009EE5BE = {
						CreatedOnToolsVersion = 7.3.1;
					};
					16D15A711D6B59DC009EE5BE = {
						CreatedOnToolsVersion = 7.3.1;
						TestTargetID = 16D15A5D1D6B59DC009EE5BE;
					};
					16D15A7C1D6B59DC009EE5BE = {
						CreatedOnToolsVersion = 7.3.1;
						TestTargetID = 16D15A5D1D6B59DC009EE5BE;
					};
				};
			};
			buildConfigurationList = 16D15A591D6B59DC009EE5BE /* Build configuration list for PBXProject "KVOIsFriendWithHelper" */;
			compatibilityVersion = "Xcode 3.2";
			developmentRegion = English;
			hasScannedForEncodings = 0;
			knownRegions = (
				en,
				Base,
			);
			mainGroup = 16D15A551D6B59DC009EE5BE;
			productRefGroup = 16D15A5F1D6B59DC009EE5BE /* Products */;
			projectDirPath = "";
			projectRoot = "";
			targets = (
				16D15A5D1D6B59DC009EE5BE /* KVOIsFriendWithHelper */,
				16D15A711D6B59DC009EE5BE /* KVOIsFriendWithHelperTests */,
				16D15A7C1D6B59DC009EE5BE /* KVOIsFriendWithHelperUITests */,
			);
		};
/* End PBXProject section */

/* Begin PBXResourcesBuildPhase section */
		16D15A5C1D6B59DC009EE5BE /* Resources */ = {
			isa = PBXResourcesBuildPhase;
			buildActionMask = 2147483647;
			files = (
				16D15A6C1D6B59DC009EE5BE /* LaunchScreen.storyboard in Resources */,
				16D15A691D6B59DC009EE5BE /* Assets.xcassets in Resources */,
				16D15A671D6B59DC009EE5BE /* Main.storyboard in Resources */,
			);
			runOnlyForDeploymentPostprocessing = 0;
		};
		16D15A701D6B59DC009EE5BE /* Resources */ = {
			isa = PBXResourcesBuildPhase;
			buildActionMask = 2147483647;
			files = (
			);
			runOnlyForDeploymentPostprocessing = 0;
		};
		16D15A7B1D6B59DC009EE5BE /* Resources */ = {
			isa = PBXResourcesBuildPhase;
			buildActionMask = 2147483647;
			files = (
			);
			runOnlyForDeploymentPostprocessing = 0;
		};
/* End PBXResourcesBuildPhase section */

/* Begin PBXSourcesBuildPhase section */
		16D15A5A1D6B59DC009EE5BE /* Sources */ = {
			isa = PBXSourcesBuildPhase;
			buildActionMask = 2147483647;
			files = (
				16D15A641D6B59DC009EE5BE /* ViewController.swift in Sources */,
				16D15A621D6B59DC009EE5BE /* AppDelegate.swift in Sources */,
				16D15A901D6B5A2E009EE5BE /* KVOCenter.swift in Sources */,
				16D15A941D6B5C53009EE5BE /* App.swift in Sources */,
				16D15A961D6B5F7E009EE5BE /* MyViewController.swift in Sources */,
				16D15A921D6B5A70009EE5BE /* MyModel.swift in Sources */,
			);
			runOnlyForDeploymentPostprocessing = 0;
		};
		16D15A6E1D6B59DC009EE5BE /* Sources */ = {
			isa = PBXSourcesBuildPhase;
			buildActionMask = 2147483647;
			files = (
				16D15A771D6B59DC009EE5BE /* KVOIsFriendWithHelperTests.swift in Sources */,
			);
			runOnlyForDeploymentPostprocessing = 0;
		};
		16D15A791D6B59DC009EE5BE /* Sources */ = {
			isa = PBXSourcesBuildPhase;
			buildActionMask = 2147483647;
			files = (
				16D15A821D6B59DC009EE5BE /* KVOIsFriendWithHelperUITests.swift in Sources */,
			);
			runOnlyForDeploymentPostprocessing = 0;
		};
/* End PBXSourcesBuildPhase section */

/* Begin PBXTargetDependency section */
		16D15A741D6B59DC009EE5BE /* PBXTargetDependency */ = {
			isa = PBXTargetDependency;
			target = 16D15A5D1D6B59DC009EE5BE /* KVOIsFriendWithHelper */;
			targetProxy = 16D15A731D6B59DC009EE5BE /* PBXContainerItemProxy */;
		};
		16D15A7F1D6B59DC009EE5BE /* PBXTargetDependency */ = {
			isa = PBXTargetDependency;
			target = 16D15A5D1D6B59DC009EE5BE /* KVOIsFriendWithHelper */;
			targetProxy = 16D15A7E1D6B59DC009EE5BE /* PBXContainerItemProxy */;
		};
/* End PBXTargetDependency section */

/* Begin PBXVariantGroup section */
		16D15A651D6B59DC009EE5BE /* Main.storyboard */ = {
			isa = PBXVariantGroup;
			children = (
				16D15A661D6B59DC009EE5BE /* Base */,
			);
			name = Main.storyboard;
			sourceTree = "<group>";
		};
		16D15A6A1D6B59DC009EE5BE /* LaunchScreen.storyboard */ = {
			isa = PBXVariantGroup;
			children = (
				16D15A6B1D6B59DC009EE5BE /* Base */,
			);
			name = LaunchScreen.storyboard;
			sourceTree = "<group>";
		};
/* End PBXVariantGroup section */

/* Begin XCBuildConfiguration section */
		16D15A841D6B59DC009EE5BE /* Debug */ = {
			isa = XCBuildConfiguration;
			buildSettings = {
				ALWAYS_SEARCH_USER_PATHS = NO;
				CLANG_ANALYZER_NONNULL = YES;
				CLANG_CXX_LANGUAGE_STANDARD = "gnu++0x";
				CLANG_CXX_LIBRARY = "libc++";
				CLANG_ENABLE_MODULES = YES;
				CLANG_ENABLE_OBJC_ARC = YES;
				CLANG_WARN_BOOL_CONVERSION = YES;
				CLANG_WARN_CONSTANT_CONVERSION = YES;
				CLANG_WARN_DIRECT_OBJC_ISA_USAGE = YES_ERROR;
				CLANG_WARN_EMPTY_BODY = YES;
				CLANG_WARN_ENUM_CONVERSION = YES;
				CLANG_WARN_INT_CONVERSION = YES;
				CLANG_WARN_OBJC_ROOT_CLASS = YES_ERROR;
				CLANG_WARN_UNREACHABLE_CODE = YES;
				CLANG_WARN__DUPLICATE_METHOD_MATCH = YES;
				"CODE_SIGN_IDENTITY[sdk=iphoneos*]" = "iPhone Developer";
				COPY_PHASE_STRIP = NO;
				DEBUG_INFORMATION_FORMAT = dwarf;
				ENABLE_STRICT_OBJC_MSGSEND = YES;
				ENABLE_TESTABILITY = YES;
				GCC_C_LANGUAGE_STANDARD = gnu99;
				GCC_DYNAMIC_NO_PIC = NO;
				GCC_NO_COMMON_BLOCKS = YES;
				GCC_OPTIMIZATION_LEVEL = 0;
				GCC_PREPROCESSOR_DEFINITIONS = (
					"DEBUG=1",
					"$(inherited)",
				);
				GCC_WARN_64_TO_32_BIT_CONVERSION = YES;
				GCC_WARN_ABOUT_RETURN_TYPE = YES_ERROR;
				GCC_WARN_UNDECLARED_SELECTOR = YES;
				GCC_WARN_UNINITIALIZED_AUTOS = YES_AGGRESSIVE;
				GCC_WARN_UNUSED_FUNCTION = YES;
				GCC_WARN_UNUSED_VARIABLE = YES;
				IPHONEOS_DEPLOYMENT_TARGET = 9.3;
				MTL_ENABLE_DEBUG_INFO = YES;
				ONLY_ACTIVE_ARCH = YES;
				SDKROOT = iphoneos;
				SWIFT_OPTIMIZATION_LEVEL = "-Onone";
			};
			name = Debug;
		};
		16D15A851D6B59DC009EE5BE /* Release */ = {
			isa = XCBuildConfiguration;
			buildSettings = {
				ALWAYS_SEARCH_USER_PATHS = NO;
				CLANG_ANALYZER_NONNULL = YES;
				CLANG_CXX_LANGUAGE_STANDARD = "gnu++0x";
				CLANG_CXX_LIBRARY = "libc++";
				CLANG_ENABLE_MODULES = YES;
				CLANG_ENABLE_OBJC_ARC = YES;
				CLANG_WARN_BOOL_CONVERSION = YES;
				CLANG_WARN_CONSTANT_CONVERSION = YES;
				CLANG_WARN_DIRECT_OBJC_ISA_USAGE = YES_ERROR;
				CLANG_WARN_EMPTY_BODY = YES;
				CLANG_WARN_ENUM_CONVERSION = YES;
				CLANG_WARN_INT_CONVERSION = YES;
				CLANG_WARN_OBJC_ROOT_CLASS = YES_ERROR;
				CLANG_WARN_UNREACHABLE_CODE = YES;
				CLANG_WARN__DUPLICATE_METHOD_MATCH = YES;
				"CODE_SIGN_IDENTITY[sdk=iphoneos*]" = "iPhone Developer";
				COPY_PHASE_STRIP = NO;
				DEBUG_INFORMATION_FORMAT = "dwarf-with-dsym";
				ENABLE_NS_ASSERTIONS = NO;
				ENABLE_STRICT_OBJC_MSGSEND = YES;
				GCC_C_LANGUAGE_STANDARD = gnu99;
				GCC_NO_COMMON_BLOCKS = YES;
				GCC_WARN_64_TO_32_BIT_CONVERSION = YES;
				GCC_WARN_ABOUT_RETURN_TYPE = YES_ERROR;
				GCC_WARN_UNDECLARED_SELECTOR = YES;
				GCC_WARN_UNINITIALIZED_AUTOS = YES_AGGRESSIVE;
				GCC_WARN_UNUSED_FUNCTION = YES;
				GCC_WARN_UNUSED_VARIABLE = YES;
				IPHONEOS_DEPLOYMENT_TARGET = 9.3;
				MTL_ENABLE_DEBUG_INFO = NO;
				SDKROOT = iphoneos;
				VALIDATE_PRODUCT = YES;
			};
			name = Release;
		};
		16D15A871D6B59DC009EE5BE /* Debug */ = {
			isa = XCBuildConfiguration;
			buildSettings = {
				ASSETCATALOG_COMPILER_APPICON_NAME = AppIcon;
				INFOPLIST_FILE = KVOIsFriendWithHelper/Info.plist;
				LD_RUNPATH_SEARCH_PATHS = "$(inherited) @executable_path/Frameworks";
				PRODUCT_BUNDLE_IDENTIFIER = in.weip.KVOIsFriendWithHelper;
				PRODUCT_NAME = "$(TARGET_NAME)";
			};
			name = Debug;
		};
		16D15A881D6B59DC009EE5BE /* Release */ = {
			isa = XCBuildConfiguration;
			buildSettings = {
				ASSETCATALOG_COMPILER_APPICON_NAME = AppIcon;
				INFOPLIST_FILE = KVOIsFriendWithHelper/Info.plist;
				LD_RUNPATH_SEARCH_PATHS = "$(inherited) @executable_path/Frameworks";
				PRODUCT_BUNDLE_IDENTIFIER = in.weip.KVOIsFriendWithHelper;
				PRODUCT_NAME = "$(TARGET_NAME)";
			};
			name = Release;
		};
		16D15A8A1D6B59DC009EE5BE /* Debug */ = {
			isa = XCBuildConfiguration;
			buildSettings = {
				BUNDLE_LOADER = "$(TEST_HOST)";
				INFOPLIST_FILE = KVOIsFriendWithHelperTests/Info.plist;
				LD_RUNPATH_SEARCH_PATHS = "$(inherited) @executable_path/Frameworks @loader_path/Frameworks";
				PRODUCT_BUNDLE_IDENTIFIER = in.weip.KVOIsFriendWithHelperTests;
				PRODUCT_NAME = "$(TARGET_NAME)";
				TEST_HOST = "$(BUILT_PRODUCTS_DIR)/KVOIsFriendWithHelper.app/KVOIsFriendWithHelper";
			};
			name = Debug;
		};
		16D15A8B1D6B59DC009EE5BE /* Release */ = {
			isa = XCBuildConfiguration;
			buildSettings = {
				BUNDLE_LOADER = "$(TEST_HOST)";
				INFOPLIST_FILE = KVOIsFriendWithHelperTests/Info.plist;
				LD_RUNPATH_SEARCH_PATHS = "$(inherited) @executable_path/Frameworks @loader_path/Frameworks";
				PRODUCT_BUNDLE_IDENTIFIER = in.weip.KVOIsFriendWithHelperTests;
				PRODUCT_NAME = "$(TARGET_NAME)";
				TEST_HOST = "$(BUILT_PRODUCTS_DIR)/KVOIsFriendWithHelper.app/KVOIsFriendWithHelper";
			};
			name = Release;
		};
		16D15A8D1D6B59DC009EE5BE /* Debug */ = {
			isa = XCBuildConfiguration;
			buildSettings = {
				INFOPLIST_FILE = KVOIsFriendWithHelperUITests/Info.plist;
				LD_RUNPATH_SEARCH_PATHS = "$(inherited) @executable_path/Frameworks @loader_path/Frameworks";
				PRODUCT_BUNDLE_IDENTIFIER = in.weip.KVOIsFriendWithHelperUITests;
				PRODUCT_NAME = "$(TARGET_NAME)";
				TEST_TARGET_NAME = KVOIsFriendWithHelper;
			};
			name = Debug;
		};
		16D15A8E1D6B59DC009EE5BE /* Release */ = {
			isa = XCBuildConfiguration;
			buildSettings = {
				INFOPLIST_FILE = KVOIsFriendWithHelperUITests/Info.plist;
				LD_RUNPATH_SEARCH_PATHS = "$(inherited) @executable_path/Frameworks @loader_path/Frameworks";
				PRODUCT_BUNDLE_IDENTIFIER = in.weip.KVOIsFriendWithHelperUITests;
				PRODUCT_NAME = "$(TARGET_NAME)";
				TEST_TARGET_NAME = KVOIsFriendWithHelper;
			};
			name = Release;
		};
/* End XCBuildConfiguration section */

/* Begin XCConfigurationList section */
		16D15A591D6B59DC009EE5BE /* Build configuration list for PBXProject "KVOIsFriendWithHelper" */ = {
			isa = XCConfigurationList;
			buildConfigurations = (
				16D15A841D6B59DC009EE5BE /* Debug */,
				16D15A851D6B59DC009EE5BE /* Release */,
			);
			defaultConfigurationIsVisible = 0;
			defaultConfigurationName = Release;
		};
		16D15A861D6B59DC009EE5BE /* Build configuration list for PBXNativeTarget "KVOIsFriendWithHelper" */ = {
			isa = XCConfigurationList;
			buildConfigurations = (
				16D15A871D6B59DC009EE5BE /* Debug */,
				16D15A881D6B59DC009EE5BE /* Release */,
			);
			defaultConfigurationIsVisible = 0;
			defaultConfigurationName = Release;
		};
		16D15A891D6B59DC009EE5BE /* Build configuration list for PBXNativeTarget "KVOIsFriendWithHelperTests" */ = {
			isa = XCConfigurationList;
			buildConfigurations = (
				16D15A8A1D6B59DC009EE5BE /* Debug */,
				16D15A8B1D6B59DC009EE5BE /* Release */,
			);
			defaultConfigurationIsVisible = 0;
			defaultConfigurationName = Release;
		};
		16D15A8C1D6B59DC009EE5BE /* Build configuration list for PBXNativeTarget "KVOIsFriendWithHelperUITests" */ = {
			isa = XCConfigurationList;
			buildConfigurations = (
				16D15A8D1D6B59DC009EE5BE /* Debug */,
				16D15A8E1D6B59DC009EE5BE /* Release */,
			);
			defaultConfigurationIsVisible = 0;
			defaultConfigurationName = Release;
		};
/* End XCConfigurationList section */
	};
	rootObject = 16D15A561D6B59DC009EE5BE /* Project object */;
}
